
Microsoft Visual Studio Solution File, Format Version 12.00
# Visual Studio Version 16
VisualStudioVersion = 16.0.29215.179
MinimumVisualStudioVersion = 10.0.40219.1
Project("{FAE04EC0-301F-11D3-BF4B-00C04F79EFBC}") = "Laboratorio", "Laboratorio\Laboratorio.csproj", "{F71F6FD3-B62B-4E43-961A-322BCE2D106A}"
EndProject
Project("{FAE04EC0-301F-11D3-BF4B-00C04F79EFBC}") = "ListaExercicios1", "ListaExercicios1\ListaExercicios1.csproj", "{A1607141-42EB-43EA-ABC9-75C9CFEA68A8}"
EndProject
Global
	GlobalSection(SolutionConfigurationPlatforms) = preSolution
		Debug|Any CPU = Debug|Any CPU
		Release|Any CPU = Release|Any CPU
	EndGlobalSection
	GlobalSection(ProjectConfigurationPlatforms) = postSolution
		{F71F6FD3-B62B-4E43-961A-322BCE2D106A}.Debug|Any CPU.ActiveCfg = Debug|Any CPU
		{F71F6FD3-B62B-4E43-961A-322BCE2D106A}.Debug|Any CPU.Build.0 = Debug|Any CPU
		{F71F6FD3-B62B-4E43-961A-322BCE2D106A}.Release|Any CPU.ActiveCfg = Release|Any CPU
		{F71F6FD3-B62B-4E43-961A-322BCE2D106A}.Release|Any CPU.Build.0 = Release|Any CPU
		{A1607141-42EB-43EA-ABC9-75C9CFEA68A8}.Debug|Any CPU.ActiveCfg = Debug|Any CPU
		{A1607141-42EB-43EA-ABC9-75C9CFEA68A8}.Debug|Any CPU.Build.0 = Debug|Any CPU
		{A1607141-42EB-43EA-ABC9-75C9CFEA68A8}.Release|Any CPU.ActiveCfg = Release|Any CPU
		{A1607141-42EB-43EA-ABC9-75C9CFEA68A8}.Release|Any CPU.Build.0 = Release|Any CPU
	EndGlobalSection
	GlobalSection(SolutionProperties) = preSolution
		HideSolutionNode = FALSE
	EndGlobalSection
	GlobalSection(ExtensibilityGlobals) = postSolution
		SolutionGuid = {885E64E3-149C-4936-8F39-E6E4B96D145F}
	EndGlobalSection
EndGlobal
